{
  "name": "frontend-framework",
  "version": "0.0.1-a",
  "lockfileVersion": 1,
  "requires": true,
  "dependencies": {
    "bower": {
      "version": "1.8.8",
      "resolved": "https://registry.npmjs.org/bower/-/bower-1.8.8.tgz",
      "integrity": "sha512-1SrJnXnkP9soITHptSO+ahx3QKp3cVzn8poI6ujqc5SeOkg5iqM1pK9H+DSc2OQ8SnO0jC/NG4Ur/UIwy7574A==",
      "dev": true
    },
    "browser-sync": {
      "version": "2.18.12",
      "resolved": "https://registry.npmjs.org/browser-sync/-/browser-sync-2.18.12.tgz",
      "integrity": "sha1-u6oKF6lh4rXwqOdg5pUCcYZmR3k=",
      "dev": true,
      "dependencies": {
        "camelcase": {
          "version": "3.0.0",
          "resolved": "https://registry.npmjs.org/camelcase/-/camelcase-3.0.0.tgz",
          "integrity": "sha1-MvxLn82vhF/N9+c7uXysImHwqwo="
        },
        "qs": {
          "version": "6.2.1",
          "resolved": "https://registry.npmjs.org/qs/-/qs-6.2.1.tgz",
          "integrity": "sha1-zgPF/wk1vB2daanxTL0Y5WjWdiU="
        },
        "window-size": {
          "version": "0.2.0",
          "resolved": "https://registry.npmjs.org/window-size/-/window-size-0.2.0.tgz",
          "integrity": "sha1-tDFbtCFKPXBY6+7okuE/ok2YsHU="
        },
        "yargs": {
          "version": "6.4.0",
          "resolved": "https://registry.npmjs.org/yargs/-/yargs-6.4.0.tgz",
          "integrity": "sha1-gW4ahm1VmMzzTlWW3c4i2S2kkNQ="
        },
        "yargs-parser": {
          "version": "4.2.1",
          "resolved": "https://registry.npmjs.org/yargs-parser/-/yargs-parser-4.2.1.tgz",
          "integrity": "sha1-KczqwNxPA8bIe0qfIX3RjJ90hxw="
        }
      }
    },
    "browserify": {
      "version": "13.3.0",
      "resolved": "https://registry.npmjs.org/browserify/-/browserify-13.3.0.tgz",
      "integrity": "sha1-tanJAgJD8McORnW+yCI7xifkFc4=",
      "dev": true,
      "dependencies": {
        "duplexer2": {
          "version": "0.1.4",
          "resolved": "https://registry.npmjs.org/duplexer2/-/duplexer2-0.1.4.tgz",
          "integrity": "sha1-ixLauHjA1p4+eJEFFmKjL8a93ME="
        },
        "glob": {
          "version": "7.1.2",
          "resolved": "https://registry.npmjs.org/glob/-/glob-7.1.2.tgz",
          "integrity": "sha512-MJTUg1kjuLeQCJ+ccE4Vpa6kKVXkPYJ2mOCQyUuKLcLQsdrMCpBPUi8qVE6+YuaJkozeA9NusTAw3hLr8Xe5EQ=="
        },
        "isarray": {
          "version": "1.0.0",
          "resolved": "https://registry.npmjs.org/isarray/-/isarray-1.0.0.tgz",
          "integrity": "sha1-u5NdSFgsuhaMBoNJV6VKPgcSTxE="
        },
        "readable-stream": {
          "version": "2.3.3",
          "resolved": "https://registry.npmjs.org/readable-stream/-/readable-stream-2.3.3.tgz",
          "integrity": "sha512-m+qzzcn7KUxEmd1gMbchF+Y2eIUbieUaxkWtptyHywrX0rE8QEYqPC07Vuy4Wm32/xE16NcdBctb8S0Xe/5IeQ==",
          "dependencies": {
            "string_decoder": {
              "version": "1.0.3",
              "resolved": "https://registry.npmjs.org/string_decoder/-/string_decoder-1.0.3.tgz",
              "integrity": "sha512-4AH6Z5fzNNBcH+6XDMfA/BTt87skxqJlO0lAh3Dker5zThcAxG6mKz+iGu308UKoPPQ8Dcqx/4JhujzltRa+hQ=="
            }
          }
        }
      }
    },
    "gulp": {
      "version": "3.9.1",
      "resolved": "https://registry.npmjs.org/gulp/-/gulp-3.9.1.tgz",
      "integrity": "sha1-VxzkWSjdQK9lFPxAEYZgFsE4RbQ=",
      "dev": true,
      "dependencies": {
        "semver": {
          "version": "4.3.6",
          "resolved": "https://registry.npmjs.org/semver/-/semver-4.3.6.tgz",
          "integrity": "sha1-MAvG4OhjdPe6YQaLWx7NV/xlMto="
        }
      }
    },
    "gulp-clean-css": {
      "version": "2.4.0",
      "resolved": "https://registry.npmjs.org/gulp-clean-css/-/gulp-clean-css-2.4.0.tgz",
      "integrity": "sha1-KuSBCf6DzMln/1rVPARJSaSGOzY="
    },
    "gulp-concat": {
      "version": "2.6.1",
      "resolved": "https://registry.npmjs.org/gulp-concat/-/gulp-concat-2.6.1.tgz",
      "integrity": "sha1-Yz0WyV2IUEYorQJmVmPO5aR5M1M=",
      "dependencies": {
        "clone": {
          "version": "2.1.1",
          "resolved": "https://registry.npmjs.org/clone/-/clone-2.1.1.tgz",
          "integrity": "sha1-0hfR6WERjjrJpLi7oyhVU79kfNs="
        },
        "clone-stats": {
          "version": "1.0.0",
          "resolved": "https://registry.npmjs.org/clone-stats/-/clone-stats-1.0.0.tgz",
          "integrity": "sha1-s3gt/4u1R04Yuba/D9/ngvh3doA="
        },
        "replace-ext": {
          "version": "1.0.0",
          "resolved": "https://registry.npmjs.org/replace-ext/-/replace-ext-1.0.0.tgz",
          "integrity": "sha1-3mMSg3P8v3w8z6TeWkgMRaZ5WOs="
        },
        "vinyl": {
          "version": "2.1.0",
          "resolved": "https://registry.npmjs.org/vinyl/-/vinyl-2.1.0.tgz",
          "integrity": "sha1-Ah+cLPlR1rk5lDyJ617lrdT9kkw="
        }
      }
    },
    "gulp-concat-css": {
      "version": "2.3.0",
      "resolved": "https://registry.npmjs.org/gulp-concat-css/-/gulp-concat-css-2.3.0.tgz",
      "integrity": "sha1-TBWGEhqEEf9LLcRPz6TcdA6P4bY=",
      "dependencies": {
        "through2": {
          "version": "1.1.1",
          "resolved": "https://registry.npmjs.org/through2/-/through2-1.1.1.tgz",
          "integrity": "sha1-CEfLxESfNAVXTb3M2buEG4OsNUU="
        }
      }
    },
    "gulp-sass": {
      "version": "2.3.2",
      "resolved": "https://registry.npmjs.org/gulp-sass/-/gulp-sass-2.3.2.tgz",
      "integrity": "sha1-grerkP6QLNw0wE8YDZLyw0kC3VI="
    },
    "gulp-uglify": {
      "version": "1.5.4",
      "resolved": "https://registry.npmjs.org/gulp-uglify/-/gulp-uglify-1.5.4.tgz",
      "integrity": "sha1-UkeI2HZm0J+dDCH7IXf5ADmmWMk="
    },
    "pump": {
      "version": "1.0.2",
      "resolved": "https://registry.npmjs.org/pump/-/pump-1.0.2.tgz",
      "integrity": "sha1-Oz7mUS+U8OV1U4wXmV+fFpkKXVE=",
      "dev": true,
      "dependencies": {
        "end-of-stream": {
          "version": "1.4.0",
          "resolved": "https://registry.npmjs.org/end-of-stream/-/end-of-stream-1.4.0.tgz",
          "integrity": "sha1-epDYM+/abPpurA9JSduw+tOmMgY="
        }
      }
    },
    "run-sequence": {
      "version": "1.2.2",
      "resolved": "https://registry.npmjs.org/run-sequence/-/run-sequence-1.2.2.tgz",
      "integrity": "sha1-UJWgvr6YczsBQL0I3YDsAw3azes=",
      "dev": true
    },
    "sass-flex-mixin": {
      "version": "1.0.3",
      "resolved": "https://registry.npmjs.org/sass-flex-mixin/-/sass-flex-mixin-1.0.3.tgz",
      "integrity": "sha1-pQTWIGL3sOdzrrw5XeH0WqpuT9A="
    },
    "susy": {
      "version": "2.2.12",
      "resolved": "https://registry.npmjs.org/susy/-/susy-2.2.12.tgz",
      "integrity": "sha1-ZEwkQe0A0pMofo1JoBbb+RkhWVM="
    }
  }
}
